
Microsoft Visual Studio Solution File, Format Version 12.00
# Visual Studio Version 16
VisualStudioVersion = 16.0.32106.194
MinimumVisualStudioVersion = 10.0.40219.1
Project("{9A19103F-16F7-4668-BE54-9A1E7A4F7556}") = "CurrencyConverter", "CurrencyConverter\CurrencyConverter.csproj", "{60464A02-2851-4C7B-91E1-320CF3C360C1}"
EndProject
Project("{FAE04EC0-301F-11D3-BF4B-00C04F79EFBC}") = "CurrencyConverterTestProject", "CurrencyConverterTestProject\CurrencyConverterTestProject.csproj", "{CA92B2EF-3B10-42F7-AFC6-1828A8C17218}"
EndProject
Global
	GlobalSection(SolutionConfigurationPlatforms) = preSolution
		Debug|Any CPU = Debug|Any CPU
		Release|Any CPU = Release|Any CPU
	EndGlobalSection
	GlobalSection(ProjectConfigurationPlatforms) = postSolution
		{60464A02-2851-4C7B-91E1-320CF3C360C1}.Debug|Any CPU.ActiveCfg = Debug|Any CPU
		{60464A02-2851-4C7B-91E1-320CF3C360C1}.Debug|Any CPU.Build.0 = Debug|Any CPU
		{60464A02-2851-4C7B-91E1-320CF3C360C1}.Release|Any CPU.ActiveCfg = Release|Any CPU
		{60464A02-2851-4C7B-91E1-320CF3C360C1}.Release|Any CPU.Build.0 = Release|Any CPU
		{CA92B2EF-3B10-42F7-AFC6-1828A8C17218}.Debug|Any CPU.ActiveCfg = Debug|Any CPU
		{CA92B2EF-3B10-42F7-AFC6-1828A8C17218}.Debug|Any CPU.Build.0 = Debug|Any CPU
		{CA92B2EF-3B10-42F7-AFC6-1828A8C17218}.Release|Any CPU.ActiveCfg = Release|Any CPU
		{CA92B2EF-3B10-42F7-AFC6-1828A8C17218}.Release|Any CPU.Build.0 = Release|Any CPU
	EndGlobalSection
	GlobalSection(SolutionProperties) = preSolution
		HideSolutionNode = FALSE
	EndGlobalSection
	GlobalSection(ExtensibilityGlobals) = postSolution
		SolutionGuid = {B2E4289F-B6AF-44EA-9381-C8F4ADA56BE7}
	EndGlobalSection
EndGlobal
